
Microsoft Visual Studio Solution File, Format Version 12.00
# Visual Studio 2012
Project("{FAE04EC0-301F-11D3-BF4B-00C04F79EFBC}") = "TCP_Async_Server_Tutorial", "TCP_Async_Server_Tutorial\TCP_Async_Server_Tutorial.csproj", "{286F712D-DE21-46A4-8141-62ADF424A006}"
EndProject
Global
	GlobalSection(SolutionConfigurationPlatforms) = preSolution
		Debug|Any CPU = Debug|Any CPU
		Release|Any CPU = Release|Any CPU
	EndGlobalSection
	GlobalSection(ProjectConfigurationPlatforms) = postSolution
		{286F712D-DE21-46A4-8141-62ADF424A006}.Debug|Any CPU.ActiveCfg = Debug|Any CPU
		{286F712D-DE21-46A4-8141-62ADF424A006}.Debug|Any CPU.Build.0 = Debug|Any CPU
		{286F712D-DE21-46A4-8141-62ADF424A006}.Release|Any CPU.ActiveCfg = Release|Any CPU
		{286F712D-DE21-46A4-8141-62ADF424A006}.Release|Any CPU.Build.0 = Release|Any CPU
	EndGlobalSection
	GlobalSection(SolutionProperties) = preSolution
		HideSolutionNode = FALSE
	EndGlobalSection
EndGlobal
